
Microsoft Visual Studio Solution File, Format Version 12.00
# Visual Studio Version 16
VisualStudioVersion = 16.0.29102.190
MinimumVisualStudioVersion = 10.0.40219.1
Project("{FAE04EC0-301F-11D3-BF4B-00C04F79EFBC}") = "Mon3CoreRazorPages", "Mon3CoreRazorPages\Mon3CoreRazorPages.csproj", "{A2E5DF2F-405F-4792-9EBD-983F907EE6DC}"
EndProject
Global
	GlobalSection(SolutionConfigurationPlatforms) = preSolution
		Debug|Any CPU = Debug|Any CPU
		Release|Any CPU = Release|Any CPU
	EndGlobalSection
	GlobalSection(ProjectConfigurationPlatforms) = postSolution
		{A2E5DF2F-405F-4792-9EBD-983F907EE6DC}.Debug|Any CPU.ActiveCfg = Debug|Any CPU
		{A2E5DF2F-405F-4792-9EBD-983F907EE6DC}.Debug|Any CPU.Build.0 = Debug|Any CPU
		{A2E5DF2F-405F-4792-9EBD-983F907EE6DC}.Release|Any CPU.ActiveCfg = Release|Any CPU
		{A2E5DF2F-405F-4792-9EBD-983F907EE6DC}.Release|Any CPU.Build.0 = Release|Any CPU
	EndGlobalSection
	GlobalSection(SolutionProperties) = preSolution
		HideSolutionNode = FALSE
	EndGlobalSection
	GlobalSection(ExtensibilityGlobals) = postSolution
		SolutionGuid = {1681B2FC-762B-45C7-A965-F7104CA9C245}
	EndGlobalSection
EndGlobal
